
Microsoft Visual Studio Solution File, Format Version 12.00
Project("{FAE04EC0-301F-11D3-BF4B-00C04F79EFBC}") = "MinesweeperGUI", "MinesweeperGUI\MinesweeperGUI.csproj", "{D3ECE2BA-548C-46C7-B8C7-5D50C3AC70D0}"
EndProject
Global
	GlobalSection(SolutionConfigurationPlatforms) = preSolution
		Debug|Any CPU = Debug|Any CPU
		Release|Any CPU = Release|Any CPU
	EndGlobalSection
	GlobalSection(ProjectConfigurationPlatforms) = postSolution
		{D3ECE2BA-548C-46C7-B8C7-5D50C3AC70D0}.Debug|Any CPU.ActiveCfg = Debug|Any CPU
		{D3ECE2BA-548C-46C7-B8C7-5D50C3AC70D0}.Debug|Any CPU.Build.0 = Debug|Any CPU
		{D3ECE2BA-548C-46C7-B8C7-5D50C3AC70D0}.Release|Any CPU.ActiveCfg = Release|Any CPU
		{D3ECE2BA-548C-46C7-B8C7-5D50C3AC70D0}.Release|Any CPU.Build.0 = Release|Any CPU
	EndGlobalSection
EndGlobal
